
Microsoft Visual Studio Solution File, Format Version 12.00
# Visual Studio Version 17
VisualStudioVersion = 17.8.34525.116
MinimumVisualStudioVersion = 10.0.40219.1
Project("{FAE04EC0-301F-11D3-BF4B-00C04F79EFBC}") = "TestMedDatabas", "TestMedDatabas\TestMedDatabas.csproj", "{BB2A11B2-F6A6-4B4A-BC5A-F2B82DEEB3CC}"
EndProject
Global
	GlobalSection(SolutionConfigurationPlatforms) = preSolution
		Debug|Any CPU = Debug|Any CPU
		Release|Any CPU = Release|Any CPU
	EndGlobalSection
	GlobalSection(ProjectConfigurationPlatforms) = postSolution
		{BB2A11B2-F6A6-4B4A-BC5A-F2B82DEEB3CC}.Debug|Any CPU.ActiveCfg = Debug|Any CPU
		{BB2A11B2-F6A6-4B4A-BC5A-F2B82DEEB3CC}.Debug|Any CPU.Build.0 = Debug|Any CPU
		{BB2A11B2-F6A6-4B4A-BC5A-F2B82DEEB3CC}.Release|Any CPU.ActiveCfg = Release|Any CPU
		{BB2A11B2-F6A6-4B4A-BC5A-F2B82DEEB3CC}.Release|Any CPU.Build.0 = Release|Any CPU
	EndGlobalSection
	GlobalSection(SolutionProperties) = preSolution
		HideSolutionNode = FALSE
	EndGlobalSection
	GlobalSection(ExtensibilityGlobals) = postSolution
		SolutionGuid = {BAFEECD3-02DE-4144-A9F3-F16AEF6C73B8}
	EndGlobalSection
EndGlobal
